// !$*UTF8*$!
{
	archiveVersion = 1;
	classes = {
	};
	objectVersion = 46;
	objects = {

/* Begin PBXBuildFile section */
		5A0779241AD79A3D00AE5312 /* main.m in Sources */ = {isa = PBXBuildFile; fileRef = 5A0779231AD79A3D00AE5312 /* main.m */; };
		5A0779271AD79A3D00AE5312 /* AppDelegate.m in Sources */ = {isa = PBXBuildFile; fileRef = 5A0779261AD79A3D00AE5312 /* AppDelegate.m */; };
		5A07792A1AD79A3D00AE5312 /* paintCodeSample1.xcdatamodeld in Sources */ = {isa = PBXBuildFile; fileRef = 5A0779281AD79A3D00AE5312 /* paintCodeSample1.xcdatamodeld */; };
		5A0779301AD79A3D00AE5312 /* Main.storyboard in Resources */ = {isa = PBXBuildFile; fileRef = 5A07792E1AD79A3D00AE5312 /* Main.storyboard */; };
		5A0779321AD79A3D00AE5312 /* Images.xcassets in Resources */ = {isa = PBXBuildFile; fileRef = 5A0779311AD79A3D00AE5312 /* Images.xcassets */; };
		5A0779351AD79A3D00AE5312 /* LaunchScreen.xib in Resources */ = {isa = PBXBuildFile; fileRef = 5A0779331AD79A3D00AE5312 /* LaunchScreen.xib */; };
		5A0779411AD79A3D00AE5312 /* paintCodeSample1Tests.m in Sources */ = {isa = PBXBuildFile; fileRef = 5A0779401AD79A3D00AE5312 /* paintCodeSample1Tests.m */; };
		5A07794E1AD79B8300AE5312 /* ButtonView.m in Sources */ = {isa = PBXBuildFile; fileRef = 5A07794D1AD79B8300AE5312 /* ButtonView.m */; };
		5A0779511AD7A4E400AE5312 /* ButtonViewController.m in Sources */ = {isa = PBXBuildFile; fileRef = 5A0779501AD7A4E400AE5312 /* ButtonViewController.m */; };
		E61AEC411AE8E2BA006E5DAF /* test.m in Sources */ = {isa = PBXBuildFile; fileRef = E61AEC401AE8E2BA006E5DAF /* test.m */; };
/* End PBXBuildFile section */

/* Begin PBXContainerItemProxy section */
		5A07793B1AD79A3D00AE5312 /* PBXContainerItemProxy */ = {
			isa = PBXContainerItemProxy;
			containerPortal = 5A0779161AD79A3D00AE5312 /* Project object */;
			proxyType = 1;
			remoteGlobalIDString = 5A07791D1AD79A3D00AE5312;
			remoteInfo = paintCodeSample1;
		};
/* End PBXContainerItemProxy section */

/* Begin PBXFileReference section */
		5A07791E1AD79A3D00AE5312 /* paintCodeSample1.app */ = {isa = PBXFileReference; explicitFileType = wrapper.application; includeInIndex = 0; path = paintCodeSample1.app; sourceTree = BUILT_PRODUCTS_DIR; };
		5A0779221AD79A3D00AE5312 /* Info.plist */ = {isa = PBXFileReference; lastKnownFileType = text.plist.xml; path = Info.plist; sourceTree = "<group>"; };
		5A0779231AD79A3D00AE5312 /* main.m */ = {isa = PBXFileReference; lastKnownFileType = sourcecode.c.objc; path = main.m; sourceTree = "<group>"; };
		5A0779251AD79A3D00AE5312 /* AppDelegate.h */ = {isa = PBXFileReference; lastKnownFileType = sourcecode.c.h; path = AppDelegate.h; sourceTree = "<group>"; };
		5A0779261AD79A3D00AE5312 /* AppDelegate.m */ = {isa = PBXFileReference; lastKnownFileType = sourcecode.c.objc; path = AppDelegate.m; sourceTree = "<group>"; };
		5A0779291AD79A3D00AE5312 /* paintCodeSample1.xcdatamodel */ = {isa = PBXFileReference; lastKnownFileType = wrapper.xcdatamodel; path = paintCodeSample1.xcdatamodel; sourceTree = "<group>"; };
		5A07792F1AD79A3D00AE5312 /* Base */ = {isa = PBXFileReference; lastKnownFileType = file.storyboard; name = Base; path = Base.lproj/Main.storyboard; sourceTree = "<group>"; };
		5A0779311AD79A3D00AE5312 /* Images.xcassets */ = {isa = PBXFileReference; lastKnownFileType = folder.assetcatalog; path = Images.xcassets; sourceTree = "<group>"; };
		5A0779341AD79A3D00AE5312 /* Base */ = {isa = PBXFileReference; lastKnownFileType = file.xib; name = Base; path = Base.lproj/LaunchScreen.xib; sourceTree = "<group>"; };
		5A07793A1AD79A3D00AE5312 /* paintCodeSample1Tests.xctest */ = {isa = PBXFileReference; explicitFileType = wrapper.cfbundle; includeInIndex = 0; path = paintCodeSample1Tests.xctest; sourceTree = BUILT_PRODUCTS_DIR; };
		5A07793F1AD79A3D00AE5312 /* Info.plist */ = {isa = PBXFileReference; lastKnownFileType = text.plist.xml; path = Info.plist; sourceTree = "<group>"; };
		5A0779401AD79A3D00AE5312 /* paintCodeSample1Tests.m */ = {isa = PBXFileReference; lastKnownFileType = sourcecode.c.objc; path = paintCodeSample1Tests.m; sourceTree = "<group>"; };
		5A07794C1AD79B8300AE5312 /* ButtonView.h */ = {isa = PBXFileReference; fileEncoding = 4; lastKnownFileType = sourcecode.c.h; path = ButtonView.h; sourceTree = "<group>"; };
		5A07794D1AD79B8300AE5312 /* ButtonView.m */ = {isa = PBXFileReference; fileEncoding = 4; lastKnownFileType = sourcecode.c.objc; path = ButtonView.m; sourceTree = "<group>"; };
		5A07794F1AD7A4E400AE5312 /* ButtonViewController.h */ = {isa = PBXFileReference; fileEncoding = 4; lastKnownFileType = sourcecode.c.h; path = ButtonViewController.h; sourceTree = "<group>"; };
		5A0779501AD7A4E400AE5312 /* ButtonViewController.m */ = {isa = PBXFileReference; fileEncoding = 4; lastKnownFileType = sourcecode.c.objc; path = ButtonViewController.m; sourceTree = "<group>"; };
		E61AEC401AE8E2BA006E5DAF /* test.m */ = {isa = PBXFileReference; fileEncoding = 4; lastKnownFileType = sourcecode.c.objc; path = test.m; sourceTree = "<group>"; };
/* End PBXFileReference section */

/* Begin PBXFrameworksBuildPhase section */
		5A07791B1AD79A3D00AE5312 /* Frameworks */ = {
			isa = PBXFrameworksBuildPhase;
			buildActionMask = 2147483647;
			files = (
			);
			runOnlyForDeploymentPostprocessing = 0;
		};
		5A0779371AD79A3D00AE5312 /* Frameworks */ = {
			isa = PBXFrameworksBuildPhase;
			buildActionMask = 2147483647;
			files = (
			);
			runOnlyForDeploymentPostprocessing = 0;
		};
/* End PBXFrameworksBuildPhase section */

/* Begin PBXGroup section */
		5A0779151AD79A3D00AE5312 = {
			isa = PBXGroup;
			children = (
				E61AEC3D1AE8E173006E5DAF /* Myclasses */,
				5A07794A1AD79B1700AE5312 /* Classes */,
				5A0779201AD79A3D00AE5312 /* paintCodeSample1 */,
				5A07793D1AD79A3D00AE5312 /* paintCodeSample1Tests */,
				5A07791F1AD79A3D00AE5312 /* Products */,
			);
			sourceTree = "<group>";
		};
		5A07791F1AD79A3D00AE5312 /* Products */ = {
			isa = PBXGroup;
			children = (
				5A07791E1AD79A3D00AE5312 /* paintCodeSample1.app */,
				5A07793A1AD79A3D00AE5312 /* paintCodeSample1Tests.xctest */,
			);
			name = Products;
			sourceTree = "<group>";
		};
		5A0779201AD79A3D00AE5312 /* paintCodeSample1 */ = {
			isa = PBXGroup;
			children = (
				5A0779251AD79A3D00AE5312 /* AppDelegate.h */,
				5A0779261AD79A3D00AE5312 /* AppDelegate.m */,
				5A07792E1AD79A3D00AE5312 /* Main.storyboard */,
				5A0779311AD79A3D00AE5312 /* Images.xcassets */,
				5A0779331AD79A3D00AE5312 /* LaunchScreen.xib */,
				5A0779281AD79A3D00AE5312 /* paintCodeSample1.xcdatamodeld */,
				5A0779211AD79A3D00AE5312 /* Supporting Files */,
			);
			path = paintCodeSample1;
			sourceTree = "<group>";
		};
		5A0779211AD79A3D00AE5312 /* Supporting Files */ = {
			isa = PBXGroup;
			children = (
				5A0779221AD79A3D00AE5312 /* Info.plist */,
				5A0779231AD79A3D00AE5312 /* main.m */,
			);
			name = "Supporting Files";
			sourceTree = "<group>";
		};
		5A07793D1AD79A3D00AE5312 /* paintCodeSample1Tests */ = {
			isa = PBXGroup;
			children = (
				5A0779401AD79A3D00AE5312 /* paintCodeSample1Tests.m */,
				5A07793E1AD79A3D00AE5312 /* Supporting Files */,
			);
			path = paintCodeSample1Tests;
			sourceTree = "<group>";
		};
		5A07793E1AD79A3D00AE5312 /* Supporting Files */ = {
			isa = PBXGroup;
			children = (
				5A07793F1AD79A3D00AE5312 /* Info.plist */,
			);
			name = "Supporting Files";
			sourceTree = "<group>";
		};
		5A07794A1AD79B1700AE5312 /* Classes */ = {
			isa = PBXGroup;
			children = (
				5A0779521AD7A4F300AE5312 /* Controllers */,
				5A07794B1AD79B3300AE5312 /* Views */,
			);
			name = Classes;
			sourceTree = "<group>";
		};
		5A07794B1AD79B3300AE5312 /* Views */ = {
			isa = PBXGroup;
			children = (
				5A07794C1AD79B8300AE5312 /* ButtonView.h */,
				5A07794D1AD79B8300AE5312 /* ButtonView.m */,
			);
			name = Views;
			sourceTree = "<group>";
		};
		5A0779521AD7A4F300AE5312 /* Controllers */ = {
			isa = PBXGroup;
			children = (
				5A07794F1AD7A4E400AE5312 /* ButtonViewController.h */,
				5A0779501AD7A4E400AE5312 /* ButtonViewController.m */,
			);
			name = Controllers;
			sourceTree = "<group>";
		};
		E61AEC3D1AE8E173006E5DAF /* Myclasses */ = {
			isa = PBXGroup;
			children = (
				E61AEC3E1AE8E173006E5DAF /* Models */,
				E61AEC3F1AE8E173006E5DAF /* ViewContollers */,
			);
			path = Myclasses;
			sourceTree = "<group>";
		};
		E61AEC3E1AE8E173006E5DAF /* Models */ = {
			isa = PBXGroup;
			children = (
				E61AEC401AE8E2BA006E5DAF /* test.m */,
			);
			path = Models;
			sourceTree = "<group>";
		};
		E61AEC3F1AE8E173006E5DAF /* ViewContollers */ = {
			isa = PBXGroup;
			children = (
			);
			path = ViewContollers;
			sourceTree = "<group>";
		};
/* End PBXGroup section */

/* Begin PBXNativeTarget section */
		5A07791D1AD79A3D00AE5312 /* paintCodeSample1 */ = {
			isa = PBXNativeTarget;
			buildConfigurationList = 5A0779441AD79A3D00AE5312 /* Build configuration list for PBXNativeTarget "paintCodeSample1" */;
			buildPhases = (
				5A07791A1AD79A3D00AE5312 /* Sources */,
				5A07791B1AD79A3D00AE5312 /* Frameworks */,
				5A07791C1AD79A3D00AE5312 /* Resources */,
			);
			buildRules = (
			);
			dependencies = (
			);
			name = paintCodeSample1;
			productName = paintCodeSample1;
			productReference = 5A07791E1AD79A3D00AE5312 /* paintCodeSample1.app */;
			productType = "com.apple.product-type.application";
		};
		5A0779391AD79A3D00AE5312 /* paintCodeSample1Tests */ = {
			isa = PBXNativeTarget;
			buildConfigurationList = 5A0779471AD79A3D00AE5312 /* Build configuration list for PBXNativeTarget "paintCodeSample1Tests" */;
			buildPhases = (
				5A0779361AD79A3D00AE5312 /* Sources */,
				5A0779371AD79A3D00AE5312 /* Frameworks */,
				5A0779381AD79A3D00AE5312 /* Resources */,
			);
			buildRules = (
			);
			dependencies = (
				5A07793C1AD79A3D00AE5312 /* PBXTargetDependency */,
			);
			name = paintCodeSample1Tests;
			productName = paintCodeSample1Tests;
			productReference = 5A07793A1AD79A3D00AE5312 /* paintCodeSample1Tests.xctest */;
			productType = "com.apple.product-type.bundle.unit-test";
		};
/* End PBXNativeTarget section */

/* Begin PBXProject section */
		5A0779161AD79A3D00AE5312 /* Project object */ = {
			isa = PBXProject;
			attributes = {
				LastUpgradeCheck = 0610;
				ORGANIZATIONNAME = test;
				TargetAttributes = {
					5A07791D1AD79A3D00AE5312 = {
						CreatedOnToolsVersion = 6.1.1;
					};
					5A0779391AD79A3D00AE5312 = {
						CreatedOnToolsVersion = 6.1.1;
						TestTargetID = 5A07791D1AD79A3D00AE5312;
					};
				};
			};
			buildConfigurationList = 5A0779191AD79A3D00AE5312 /* Build configuration list for PBXProject "paintCodeSample1" */;
			compatibilityVersion = "Xcode 3.2";
			developmentRegion = English;
			hasScannedForEncodings = 0;
			knownRegions = (
				en,
				Base,
			);
			mainGroup = 5A0779151AD79A3D00AE5312;
			productRefGroup = 5A07791F1AD79A3D00AE5312 /* Products */;
			projectDirPath = "";
			projectRoot = "";
			targets = (
				5A07791D1AD79A3D00AE5312 /* paintCodeSample1 */,
				5A0779391AD79A3D00AE5312 /* paintCodeSample1Tests */,
			);
		};
/* End PBXProject section */

/* Begin PBXResourcesBuildPhase section */
		5A07791C1AD79A3D00AE5312 /* Resources */ = {
			isa = PBXResourcesBuildPhase;
			buildActionMask = 2147483647;
			files = (
				5A0779301AD79A3D00AE5312 /* Main.storyboard in Resources */,
				5A0779351AD79A3D00AE5312 /* LaunchScreen.xib in Resources */,
				5A0779321AD79A3D00AE5312 /* Images.xcassets in Resources */,
			);
			runOnlyForDeploymentPostprocessing = 0;
		};
		5A0779381AD79A3D00AE5312 /* Resources */ = {
			isa = PBXResourcesBuildPhase;
			buildActionMask = 2147483647;
			files = (
			);
			runOnlyForDeploymentPostprocessing = 0;
		};
/* End PBXResourcesBuildPhase section */

/* Begin PBXSourcesBuildPhase section */
		5A07791A1AD79A3D00AE5312 /* Sources */ = {
			isa = PBXSourcesBuildPhase;
			buildActionMask = 2147483647;
			files = (
				5A0779271AD79A3D00AE5312 /* AppDelegate.m in Sources */,
				5A07794E1AD79B8300AE5312 /* ButtonView.m in Sources */,
				5A07792A1AD79A3D00AE5312 /* paintCodeSample1.xcdatamodeld in Sources */,
				5A0779511AD7A4E400AE5312 /* ButtonViewController.m in Sources */,
				5A0779241AD79A3D00AE5312 /* main.m in Sources */,
				E61AEC411AE8E2BA006E5DAF /* test.m in Sources */,
			);
			runOnlyForDeploymentPostprocessing = 0;
		};
		5A0779361AD79A3D00AE5312 /* Sources */ = {
			isa = PBXSourcesBuildPhase;
			buildActionMask = 2147483647;
			files = (
				5A0779411AD79A3D00AE5312 /* paintCodeSample1Tests.m in Sources */,
			);
			runOnlyForDeploymentPostprocessing = 0;
		};
/* End PBXSourcesBuildPhase section */

/* Begin PBXTargetDependency section */
		5A07793C1AD79A3D00AE5312 /* PBXTargetDependency */ = {
			isa = PBXTargetDependency;
			target = 5A07791D1AD79A3D00AE5312 /* paintCodeSample1 */;
			targetProxy = 5A07793B1AD79A3D00AE5312 /* PBXContainerItemProxy */;
		};
/* End PBXTargetDependency section */

/* Begin PBXVariantGroup section */
		5A07792E1AD79A3D00AE5312 /* Main.storyboard */ = {
			isa = PBXVariantGroup;
			children = (
				5A07792F1AD79A3D00AE5312 /* Base */,
			);
			name = Main.storyboard;
			sourceTree = "<group>";
		};
		5A0779331AD79A3D00AE5312 /* LaunchScreen.xib */ = {
			isa = PBXVariantGroup;
			children = (
				5A0779341AD79A3D00AE5312 /* Base */,
			);
			name = LaunchScreen.xib;
			sourceTree = "<group>";
		};
/* End PBXVariantGroup section */

/* Begin XCBuildConfiguration section */
		5A0779421AD79A3D00AE5312 /* Debug */ = {
			isa = XCBuildConfiguration;
			buildSettings = {
				ALWAYS_SEARCH_USER_PATHS = NO;
				CLANG_CXX_LANGUAGE_STANDARD = "gnu++0x";
				CLANG_CXX_LIBRARY = "libc++";
				CLANG_ENABLE_MODULES = YES;
				CLANG_ENABLE_OBJC_ARC = YES;
				CLANG_WARN_BOOL_CONVERSION = YES;
				CLANG_WARN_CONSTANT_CONVERSION = YES;
				CLANG_WARN_DIRECT_OBJC_ISA_USAGE = YES_ERROR;
				CLANG_WARN_EMPTY_BODY = YES;
				CLANG_WARN_ENUM_CONVERSION = YES;
				CLANG_WARN_INT_CONVERSION = YES;
				CLANG_WARN_OBJC_ROOT_CLASS = YES_ERROR;
				CLANG_WARN_UNREACHABLE_CODE = YES;
				CLANG_WARN__DUPLICATE_METHOD_MATCH = YES;
				"CODE_SIGN_IDENTITY[sdk=iphoneos*]" = "iPhone Developer";
				COPY_PHASE_STRIP = NO;
				ENABLE_STRICT_OBJC_MSGSEND = YES;
				GCC_C_LANGUAGE_STANDARD = gnu99;
				GCC_DYNAMIC_NO_PIC = NO;
				GCC_OPTIMIZATION_LEVEL = 0;
				GCC_PREPROCESSOR_DEFINITIONS = (
					"DEBUG=1",
					"$(inherited)",
				);
				GCC_SYMBOLS_PRIVATE_EXTERN = NO;
				GCC_WARN_64_TO_32_BIT_CONVERSION = YES;
				GCC_WARN_ABOUT_RETURN_TYPE = YES_ERROR;
				GCC_WARN_UNDECLARED_SELECTOR = YES;
				GCC_WARN_UNINITIALIZED_AUTOS = YES_AGGRESSIVE;
				GCC_WARN_UNUSED_FUNCTION = YES;
				GCC_WARN_UNUSED_VARIABLE = YES;
				IPHONEOS_DEPLOYMENT_TARGET = 8.1;
				MTL_ENABLE_DEBUG_INFO = YES;
				ONLY_ACTIVE_ARCH = YES;
				SDKROOT = iphoneos;
				TARGETED_DEVICE_FAMILY = "1,2";
			};
			name = Debug;
		};
		5A0779431AD79A3D00AE5312 /* Release */ = {
			isa = XCBuildConfiguration;
			buildSettings = {
				ALWAYS_SEARCH_USER_PATHS = NO;
				CLANG_CXX_LANGUAGE_STANDARD = "gnu++0x";
				CLANG_CXX_LIBRARY = "libc++";
				CLANG_ENABLE_MODULES = YES;
				CLANG_ENABLE_OBJC_ARC = YES;
				CLANG_WARN_BOOL_CONVERSION = YES;
				CLANG_WARN_CONSTANT_CONVERSION = YES;
				CLANG_WARN_DIRECT_OBJC_ISA_USAGE = YES_ERROR;
				CLANG_WARN_EMPTY_BODY = YES;
				CLANG_WARN_ENUM_CONVERSION = YES;
				CLANG_WARN_INT_CONVERSION = YES;
				CLANG_WARN_OBJC_ROOT_CLASS = YES_ERROR;
				CLANG_WARN_UNREACHABLE_CODE = YES;
				CLANG_WARN__DUPLICATE_METHOD_MATCH = YES;
				"CODE_SIGN_IDENTITY[sdk=iphoneos*]" = "iPhone Developer";
				COPY_PHASE_STRIP = YES;
				ENABLE_NS_ASSERTIONS = NO;
				ENABLE_STRICT_OBJC_MSGSEND = YES;
				GCC_C_LANGUAGE_STANDARD = gnu99;
				GCC_WARN_64_TO_32_BIT_CONVERSION = YES;
				GCC_WARN_ABOUT_RETURN_TYPE = YES_ERROR;
				GCC_WARN_UNDECLARED_SELECTOR = YES;
				GCC_WARN_UNINITIALIZED_AUTOS = YES_AGGRESSIVE;
				GCC_WARN_UNUSED_FUNCTION = YES;
				GCC_WARN_UNUSED_VARIABLE = YES;
				IPHONEOS_DEPLOYMENT_TARGET = 8.1;
				MTL_ENABLE_DEBUG_INFO = NO;
				SDKROOT = iphoneos;
				TARGETED_DEVICE_FAMILY = "1,2";
				VALIDATE_PRODUCT = YES;
			};
			name = Release;
		};
		5A0779451AD79A3D00AE5312 /* Debug */ = {
			isa = XCBuildConfiguration;
			buildSettings = {
				ASSETCATALOG_COMPILER_APPICON_NAME = AppIcon;
				INFOPLIST_FILE = paintCodeSample1/Info.plist;
				LD_RUNPATH_SEARCH_PATHS = "$(inherited) @executable_path/Frameworks";
				PRODUCT_NAME = "$(TARGET_NAME)";
			};
			name = Debug;
		};
		5A0779461AD79A3D00AE5312 /* Release */ = {
			isa = XCBuildConfiguration;
			buildSettings = {
				ASSETCATALOG_COMPILER_APPICON_NAME = AppIcon;
				INFOPLIST_FILE = paintCodeSample1/Info.plist;
				LD_RUNPATH_SEARCH_PATHS = "$(inherited) @executable_path/Frameworks";
				PRODUCT_NAME = "$(TARGET_NAME)";
			};
			name = Release;
		};
		5A0779481AD79A3D00AE5312 /* Debug */ = {
			isa = XCBuildConfiguration;
			buildSettings = {
				BUNDLE_LOADER = "$(TEST_HOST)";
				FRAMEWORK_SEARCH_PATHS = (
					"$(SDKROOT)/Developer/Library/Frameworks",
					"$(inherited)",
				);
				GCC_PREPROCESSOR_DEFINITIONS = (
					"DEBUG=1",
					"$(inherited)",
				);
				INFOPLIST_FILE = paintCodeSample1Tests/Info.plist;
				LD_RUNPATH_SEARCH_PATHS = "$(inherited) @executable_path/Frameworks @loader_path/Frameworks";
				PRODUCT_NAME = "$(TARGET_NAME)";
				TEST_HOST = "$(BUILT_PRODUCTS_DIR)/paintCodeSample1.app/paintCodeSample1";
			};
			name = Debug;
		};
		5A0779491AD79A3D00AE5312 /* Release */ = {
			isa = XCBuildConfiguration;
			buildSettings = {
				BUNDLE_LOADER = "$(TEST_HOST)";
				FRAMEWORK_SEARCH_PATHS = (
					"$(SDKROOT)/Developer/Library/Frameworks",
					"$(inherited)",
				);
				INFOPLIST_FILE = paintCodeSample1Tests/Info.plist;
				LD_RUNPATH_SEARCH_PATHS = "$(inherited) @executable_path/Frameworks @loader_path/Frameworks";
				PRODUCT_NAME = "$(TARGET_NAME)";
				TEST_HOST = "$(BUILT_PRODUCTS_DIR)/paintCodeSample1.app/paintCodeSample1";
			};
			name = Release;
		};
/* End XCBuildConfiguration section */

/* Begin XCConfigurationList section */
		5A0779191AD79A3D00AE5312 /* Build configuration list for PBXProject "paintCodeSample1" */ = {
			isa = XCConfigurationList;
			buildConfigurations = (
				5A0779421AD79A3D00AE5312 /* Debug */,
				5A0779431AD79A3D00AE5312 /* Release */,
			);
			defaultConfigurationIsVisible = 0;
			defaultConfigurationName = Release;
		};
		5A0779441AD79A3D00AE5312 /* Build configuration list for PBXNativeTarget "paintCodeSample1" */ = {
			isa = XCConfigurationList;
			buildConfigurations = (
				5A0779451AD79A3D00AE5312 /* Debug */,
				5A0779461AD79A3D00AE5312 /* Release */,
			);
			defaultConfigurationIsVisible = 0;
			defaultConfigurationName = Release;
		};
		5A0779471AD79A3D00AE5312 /* Build configuration list for PBXNativeTarget "paintCodeSample1Tests" */ = {
			isa = XCConfigurationList;
			buildConfigurations = (
				5A0779481AD79A3D00AE5312 /* Debug */,
				5A0779491AD79A3D00AE5312 /* Release */,
			);
			defaultConfigurationIsVisible = 0;
			defaultConfigurationName = Release;
		};
/* End XCConfigurationList section */

/* Begin XCVersionGroup section */
		5A0779281AD79A3D00AE5312 /* paintCodeSample1.xcdatamodeld */ = {
			isa = XCVersionGroup;
			children = (
				5A0779291AD79A3D00AE5312 /* paintCodeSample1.xcdatamodel */,
			);
			currentVersion = 5A0779291AD79A3D00AE5312 /* paintCodeSample1.xcdatamodel */;
			path = paintCodeSample1.xcdatamodeld;
			sourceTree = "<group>";
			versionGroupType = wrapper.xcdatamodel;
		};
/* End XCVersionGroup section */
	};
	rootObject = 5A0779161AD79A3D00AE5312 /* Project object */;
}
